
Microsoft Visual Studio Solution File, Format Version 12.00
# Visual Studio Version 16
VisualStudioVersion = 16.0.31112.23
MinimumVisualStudioVersion = 10.0.40219.1
Project("{2150E333-8FDC-42A3-9474-1A3956D46DE8}") = "SolutionItems", "SolutionItems", "{A104CFD7-8F2E-45FB-89D8-02BC0D6B5DCD}"
	ProjectSection(SolutionItems) = preProject
		.gitignore = .gitignore
		CODEOWNERS = CODEOWNERS
		LICENSE = LICENSE
		README.md = README.md
	EndProjectSection
EndProject
Project("{9A19103F-16F7-4668-BE54-9A1E7A4F7556}") = "Velentr.Logging", "Velentr.Logging\Velentr.Logging.csproj", "{337A9A4A-C7C8-4E14-8B56-04DDEFB15CA7}"
EndProject
Project("{9A19103F-16F7-4668-BE54-9A1E7A4F7556}") = "Velentr.Logging.Test", "Velentr.Logging.Test\Velentr.Logging.Test.csproj", "{01E54F42-A596-478A-BF27-87BABCB622D0}"
EndProject
Project("{2150E333-8FDC-42A3-9474-1A3956D46DE8}") = "Dev", "Dev", "{3AAF57C1-EE37-4591-82AA-9DC87EA4B774}"
EndProject
Project("{2150E333-8FDC-42A3-9474-1A3956D46DE8}") = "Test", "Test", "{D9AF38D2-1BA9-4919-B7F1-D0EB274D3447}"
EndProject
Project("{9A19103F-16F7-4668-BE54-9A1E7A4F7556}") = "Velentr.Logging.DevEnv", "Velentr.Logging.DevEnv\Velentr.Logging.DevEnv.csproj", "{20236D0E-830B-45D7-80F0-A1F7AD672193}"
EndProject
Global
	GlobalSection(SolutionConfigurationPlatforms) = preSolution
		Debug|Any CPU = Debug|Any CPU
		Release|Any CPU = Release|Any CPU
	EndGlobalSection
	GlobalSection(ProjectConfigurationPlatforms) = postSolution
		{337A9A4A-C7C8-4E14-8B56-04DDEFB15CA7}.Debug|Any CPU.ActiveCfg = Debug|Any CPU
		{337A9A4A-C7C8-4E14-8B56-04DDEFB15CA7}.Debug|Any CPU.Build.0 = Debug|Any CPU
		{337A9A4A-C7C8-4E14-8B56-04DDEFB15CA7}.Release|Any CPU.ActiveCfg = Release|Any CPU
		{337A9A4A-C7C8-4E14-8B56-04DDEFB15CA7}.Release|Any CPU.Build.0 = Release|Any CPU
		{01E54F42-A596-478A-BF27-87BABCB622D0}.Debug|Any CPU.ActiveCfg = Debug|Any CPU
		{01E54F42-A596-478A-BF27-87BABCB622D0}.Debug|Any CPU.Build.0 = Debug|Any CPU
		{01E54F42-A596-478A-BF27-87BABCB622D0}.Release|Any CPU.ActiveCfg = Release|Any CPU
		{01E54F42-A596-478A-BF27-87BABCB622D0}.Release|Any CPU.Build.0 = Release|Any CPU
		{20236D0E-830B-45D7-80F0-A1F7AD672193}.Debug|Any CPU.ActiveCfg = Debug|Any CPU
		{20236D0E-830B-45D7-80F0-A1F7AD672193}.Debug|Any CPU.Build.0 = Debug|Any CPU
		{20236D0E-830B-45D7-80F0-A1F7AD672193}.Release|Any CPU.ActiveCfg = Release|Any CPU
		{20236D0E-830B-45D7-80F0-A1F7AD672193}.Release|Any CPU.Build.0 = Release|Any CPU
	EndGlobalSection
	GlobalSection(SolutionProperties) = preSolution
		HideSolutionNode = FALSE
	EndGlobalSection
	GlobalSection(NestedProjects) = preSolution
		{337A9A4A-C7C8-4E14-8B56-04DDEFB15CA7} = {3AAF57C1-EE37-4591-82AA-9DC87EA4B774}
		{01E54F42-A596-478A-BF27-87BABCB622D0} = {D9AF38D2-1BA9-4919-B7F1-D0EB274D3447}
		{20236D0E-830B-45D7-80F0-A1F7AD672193} = {3AAF57C1-EE37-4591-82AA-9DC87EA4B774}
	EndGlobalSection
	GlobalSection(ExtensibilityGlobals) = postSolution
		SolutionGuid = {5EF08031-0858-4824-88B8-11B63A46B77C}
	EndGlobalSection
EndGlobal
